<?xml version="1.0" encoding="utf-8"?>
<Project ToolsVersion="4.0" xmlns="http://schemas.microsoft.com/developer/msbuild/2003">
  <ItemGroup>
    <Filter Include="include">
      <UniqueIdentifier>{93995380-89BD-4b04-88EB-625FBE52EBFB}</UniqueIdentifier>
      <Extensions>h;hh;hpp;hxx;h++;hm;inl;inc;ipp;xsd</Extensions>
    </Filter>
    <Filter Include="lib">
      <UniqueIdentifier>{40d70580-5746-4ed9-a7f5-99abb7bb5969}</UniqueIdentifier>
    </Filter>
    <Filter Include="include\lib_ixx">
      <UniqueIdentifier>{32ae5287-771b-4126-ab9c-f69c64e1f258}</UniqueIdentifier>
    </Filter>
    <Filter Include="include\gameworld">
      <UniqueIdentifier>{e1df00a0-500a-433a-b293-ce3e59db25de}</UniqueIdentifier>
    </Filter>
    <Filter Include="include\gameworld\gameobjects">
      <UniqueIdentifier>{3eb1cb4d-addb-43d4-94ca-48ce5867c986}</UniqueIdentifier>
    </Filter>
    <Filter Include="include\additional">
      <UniqueIdentifier>{aa9719aa-d949-4743-8c5a-5c889ac2aa0a}</UniqueIdentifier>
    </Filter>
    <Filter Include="include\gameworld\gameobjects\animation">
      <UniqueIdentifier>{46e4f7d9-3fb0-4b1b-afa9-1d6ff39151df}</UniqueIdentifier>
    </Filter>
    <Filter Include="include\gameworld\gameobjects\static">
      <UniqueIdentifier>{5eccbce1-1516-47e6-827e-09d68cdfaed7}</UniqueIdentifier>
    </Filter>
    <Filter Include="a_main">
      <UniqueIdentifier>{4FC737F1-C7A5-4376-A066-2A32D752A2FF}</UniqueIdentifier>
      <Extensions>cpp;c;cc;cxx;c++;cppm;ixx;def;odl;idl;hpj;bat;asm;asmx</Extensions>
    </Filter>
    <Filter Include="include\gameworld\gameobjects\base">
      <UniqueIdentifier>{4ce34a7b-95f1-4cfe-aab8-b3e7d8b3e46f}</UniqueIdentifier>
    </Filter>
    <Filter Include="include\gameworld\gameobjects\static\Player">
      <UniqueIdentifier>{20acb8d8-09c7-4eec-b5dc-5fb5f1df2cc5}</UniqueIdentifier>
    </Filter>
    <Filter Include="include\system">
      <UniqueIdentifier>{74ec2a5b-ffa6-4a6b-976f-136009ebba07}</UniqueIdentifier>
    </Filter>
    <Filter Include="include\system\Core">
      <UniqueIdentifier>{502457eb-0949-40e1-9c55-c39eb0a0ab9e}</UniqueIdentifier>
    </Filter>
    <Filter Include="include\gameworld\gameobjects\static\IronWall">
      <UniqueIdentifier>{718499dc-a6b6-4ac4-8e20-005cfb48859e}</UniqueIdentifier>
    </Filter>
  </ItemGroup>
  <ItemGroup>
    <ClCompile Include="main.cpp">
      <Filter>a_main</Filter>
    </ClCompile>
    <ClCompile Include="sfml.ixx">
      <Filter>include\lib_ixx</Filter>
    </ClCompile>
    <ClCompile Include="Usings.ixx">
      <Filter>include\additional</Filter>
    </ClCompile>
    <ClCompile Include="Enums.ixx">
      <Filter>include\additional</Filter>
    </ClCompile>
    <ClCompile Include="Animation.ixx">
      <Filter>include\gameworld\gameobjects\animation</Filter>
    </ClCompile>
    <ClCompile Include="FinishedAnimation.ixx">
      <Filter>include\gameworld\gameobjects\animation</Filter>
    </ClCompile>
    <ClCompile Include="Globals.ixx">
      <Filter>include\additional</Filter>
    </ClCompile>
    <ClCompile Include="Button.ixx">
      <Filter>include\gameworld\gameobjects\static</Filter>
    </ClCompile>
    <ClCompile Include="Scene.ixx">
      <Filter>include\gameworld\gameobjects\base</Filter>
    </ClCompile>
    <ClCompile Include="Player.ixx">
      <Filter>include\gameworld\gameobjects\static\Player</Filter>
    </ClCompile>
    <ClCompile Include="NormalTextureLoader.ixx">
      <Filter>include\system</Filter>
    </ClCompile>
    <ClCompile Include="InitList.ixx">
      <Filter>include\system\Core</Filter>
    </ClCompile>
    <ClCompile Include="Core.ixx">
      <Filter>include\system\Core</Filter>
    </ClCompile>
    <ClCompile Include="KillProgram.ixx">
      <Filter>include\system\Core</Filter>
    </ClCompile>
    <ClCompile Include="Construct.ixx">
      <Filter>include\system\Core</Filter>
    </ClCompile>
    <ClCompile Include="ConstructPlayer.ixx">
      <Filter>include\gameworld\gameobjects\static\Player</Filter>
    </ClCompile>
    <ClCompile Include="Entity.ixx">
      <Filter>include\gameworld\gameobjects\base</Filter>
    </ClCompile>
    <ClCompile Include="HitBox.ixx">
      <Filter>include\gameworld\gameobjects\base</Filter>
    </ClCompile>
    <ClCompile Include="IronWall.ixx">
      <Filter>include\gameworld\gameobjects\static\IronWall</Filter>
    </ClCompile>
    <ClCompile Include="ConstructIronWall.ixx">
      <Filter>include\gameworld\gameobjects\static\IronWall</Filter>
    </ClCompile>
  </ItemGroup>
  <ItemGroup>
    <None Include="sfml-graphics-2.dll">
      <Filter>lib</Filter>
    </None>
    <None Include="openal32.dll">
      <Filter>lib</Filter>
    </None>
    <None Include="sfml-audio-2.dll">
      <Filter>lib</Filter>
    </None>
    <None Include="sfml-network-2.dll">
      <Filter>lib</Filter>
    </None>
    <None Include="sfml-network-d-2.dll">
      <Filter>lib</Filter>
    </None>
    <None Include="sfml-graphics-d-2.dll">
      <Filter>lib</Filter>
    </None>
    <None Include="sfml-system-d-2.dll">
      <Filter>lib</Filter>
    </None>
    <None Include="sfml-window-d-2.dll">
      <Filter>lib</Filter>
    </None>
    <None Include="sfml-system-2.dll">
      <Filter>lib</Filter>
    </None>
    <None Include="sfml-audio-d-2.dll">
      <Filter>lib</Filter>
    </None>
    <None Include="sfml-window-2.dll">
      <Filter>lib</Filter>
    </None>
  </ItemGroup>
</Project>